<?xml version="1.0" encoding="utf-8"?>
<Project ToolsVersion="4.0" xmlns="http://schemas.microsoft.com/developer/msbuild/2003">
  <ItemGroup>
    <Filter Include="HazelNut">
      <UniqueIdentifier>{50CAFD3C-3C97-5848-65B0-46F051DC8DD6}</UniqueIdentifier>
    </Filter>
    <Filter Include="HazelNut\Events">
      <UniqueIdentifier>{34BC5EB0-A047-CC74-A958-4F6915632875}</UniqueIdentifier>
    </Filter>
    <Filter Include="HazelNut\ImGui">
      <UniqueIdentifier>{7ABBE83B-6689-DC41-4F1D-4D683B8AB8A6}</UniqueIdentifier>
    </Filter>
    <Filter Include="Platform">
      <UniqueIdentifier>{2AC788B4-1694-E3BF-3FAD-D1672BD9184E}</UniqueIdentifier>
    </Filter>
    <Filter Include="Platform\OpenGL">
      <UniqueIdentifier>{1E7D2C1D-8A08-9AE1-9319-1DD6FF23F6E1}</UniqueIdentifier>
    </Filter>
    <Filter Include="Platform\Windows">
      <UniqueIdentifier>{64FBD71A-50F4-F66C-7926-DCF1657ED678}</UniqueIdentifier>
    </Filter>
  </ItemGroup>
  <ItemGroup>
    <ClInclude Include="src\HazelNut.h" />
    <ClInclude Include="src\HazelNut\Application.h">
      <Filter>HazelNut</Filter>
    </ClInclude>
    <ClInclude Include="src\HazelNut\Core.h">
      <Filter>HazelNut</Filter>
    </ClInclude>
    <ClInclude Include="src\HazelNut\EntryPoint.h">
      <Filter>HazelNut</Filter>
    </ClInclude>
    <ClInclude Include="src\HazelNut\Events\ApplicationEvent.h">
      <Filter>HazelNut\Events</Filter>
    </ClInclude>
    <ClInclude Include="src\HazelNut\Events\Event.h">
      <Filter>HazelNut\Events</Filter>
    </ClInclude>
    <ClInclude Include="src\HazelNut\Events\KeyEvent.h">
      <Filter>HazelNut\Events</Filter>
    </ClInclude>
    <ClInclude Include="src\HazelNut\Events\MouseEvent.h">
      <Filter>HazelNut\Events</Filter>
    </ClInclude>
    <ClInclude Include="src\HazelNut\ImGui\ImGuiLayer.h">
      <Filter>HazelNut\ImGui</Filter>
    </ClInclude>
    <ClInclude Include="src\HazelNut\Layer.h">
      <Filter>HazelNut</Filter>
    </ClInclude>
    <ClInclude Include="src\HazelNut\LayerStack.h">
      <Filter>HazelNut</Filter>
    </ClInclude>
    <ClInclude Include="src\HazelNut\Log.h">
      <Filter>HazelNut</Filter>
    </ClInclude>
    <ClInclude Include="src\HazelNut\Window.h">
      <Filter>HazelNut</Filter>
    </ClInclude>
    <ClInclude Include="src\Platform\OpenGL\imgui_impl_opengl3.h">
      <Filter>Platform\OpenGL</Filter>
    </ClInclude>
    <ClInclude Include="src\Platform\OpenGL\imgui_impl_opengl3_loader.h">
      <Filter>Platform\OpenGL</Filter>
    </ClInclude>
    <ClInclude Include="src\Platform\Windows\WindowsWindow.h">
      <Filter>Platform\Windows</Filter>
    </ClInclude>
    <ClInclude Include="src\hzn_pch.h" />
  </ItemGroup>
  <ItemGroup>
    <ClCompile Include="src\HazelNut\Application.cpp">
      <Filter>HazelNut</Filter>
    </ClCompile>
    <ClCompile Include="src\HazelNut\ImGui\ImGuiLayer.cpp">
      <Filter>HazelNut\ImGui</Filter>
    </ClCompile>
    <ClCompile Include="src\HazelNut\Layer.cpp">
      <Filter>HazelNut</Filter>
    </ClCompile>
    <ClCompile Include="src\HazelNut\LayerStack.cpp">
      <Filter>HazelNut</Filter>
    </ClCompile>
    <ClCompile Include="src\HazelNut\Log.cpp">
      <Filter>HazelNut</Filter>
    </ClCompile>
    <ClCompile Include="src\Platform\OpenGL\imgui_impl_opengl3.cpp">
      <Filter>Platform\OpenGL</Filter>
    </ClCompile>
    <ClCompile Include="src\Platform\Windows\WindowsWindow.cpp">
      <Filter>Platform\Windows</Filter>
    </ClCompile>
    <ClCompile Include="src\hzn_pch.cpp" />
  </ItemGroup>
</Project>